
Microsoft Visual Studio Solution File, Format Version 12.00
# Visual Studio Version 17
VisualStudioVersion = 17.8.34408.163
MinimumVisualStudioVersion = 10.0.40219.1
Project("{FAE04EC0-301F-11D3-BF4B-00C04F79EFBC}") = "Caffee", "Caffee\Caffee.csproj", "{73AA982E-FAD2-44A4-8F29-CA900D258228}"
EndProject
Project("{FAE04EC0-301F-11D3-BF4B-00C04F79EFBC}") = "Caffee.UI", "Caffee.UI\Caffee.UI.csproj", "{9E1C4239-6DB2-466C-9DB4-9E61D3D3F0CD}"
EndProject
Global
	GlobalSection(SolutionConfigurationPlatforms) = preSolution
		Debug|Any CPU = Debug|Any CPU
		Release|Any CPU = Release|Any CPU
	EndGlobalSection
	GlobalSection(ProjectConfigurationPlatforms) = postSolution
		{73AA982E-FAD2-44A4-8F29-CA900D258228}.Debug|Any CPU.ActiveCfg = Debug|Any CPU
		{73AA982E-FAD2-44A4-8F29-CA900D258228}.Debug|Any CPU.Build.0 = Debug|Any CPU
		{73AA982E-FAD2-44A4-8F29-CA900D258228}.Release|Any CPU.ActiveCfg = Release|Any CPU
		{73AA982E-FAD2-44A4-8F29-CA900D258228}.Release|Any CPU.Build.0 = Release|Any CPU
		{9E1C4239-6DB2-466C-9DB4-9E61D3D3F0CD}.Debug|Any CPU.ActiveCfg = Debug|Any CPU
		{9E1C4239-6DB2-466C-9DB4-9E61D3D3F0CD}.Debug|Any CPU.Build.0 = Debug|Any CPU
		{9E1C4239-6DB2-466C-9DB4-9E61D3D3F0CD}.Release|Any CPU.ActiveCfg = Release|Any CPU
		{9E1C4239-6DB2-466C-9DB4-9E61D3D3F0CD}.Release|Any CPU.Build.0 = Release|Any CPU
	EndGlobalSection
	GlobalSection(SolutionProperties) = preSolution
		HideSolutionNode = FALSE
	EndGlobalSection
	GlobalSection(ExtensibilityGlobals) = postSolution
		SolutionGuid = {00DD9A31-8F10-498F-BAB0-AE10F728A07E}
	EndGlobalSection
EndGlobal
